
Microsoft Visual Studio Solution File, Format Version 12.00
# Visual Studio 15
VisualStudioVersion = 15.0.28307.329
MinimumVisualStudioVersion = 10.0.40219.1
Project("{F184B08F-C81C-45F6-A57F-5ABD9991F28F}") = "Thumbnailer", "Thumbnailer.vbproj", "{75D22DA8-00AA-497D-822E-B3B514139E96}"
EndProject
Global
	GlobalSection(SolutionConfigurationPlatforms) = preSolution
		Debug|Any CPU = Debug|Any CPU
		Debug|x64 = Debug|x64
		Release|Any CPU = Release|Any CPU
		Release|x64 = Release|x64
	EndGlobalSection
	GlobalSection(ProjectConfigurationPlatforms) = postSolution
		{75D22DA8-00AA-497D-822E-B3B514139E96}.Debug|Any CPU.ActiveCfg = Debug|Any CPU
		{75D22DA8-00AA-497D-822E-B3B514139E96}.Debug|Any CPU.Build.0 = Debug|Any CPU
		{75D22DA8-00AA-497D-822E-B3B514139E96}.Debug|x64.ActiveCfg = Debug|x64
		{75D22DA8-00AA-497D-822E-B3B514139E96}.Debug|x64.Build.0 = Debug|x64
		{75D22DA8-00AA-497D-822E-B3B514139E96}.Release|Any CPU.ActiveCfg = Release|Any CPU
		{75D22DA8-00AA-497D-822E-B3B514139E96}.Release|Any CPU.Build.0 = Release|Any CPU
		{75D22DA8-00AA-497D-822E-B3B514139E96}.Release|x64.ActiveCfg = Release|x64
		{75D22DA8-00AA-497D-822E-B3B514139E96}.Release|x64.Build.0 = Release|x64
	EndGlobalSection
	GlobalSection(SolutionProperties) = preSolution
		HideSolutionNode = FALSE
	EndGlobalSection
	GlobalSection(ExtensibilityGlobals) = postSolution
		SolutionGuid = {4D0B504A-54CB-4012-A7E3-DB8370D568A3}
	EndGlobalSection
EndGlobal
